
Microsoft Visual Studio Solution File, Format Version 12.00
# Visual Studio Version 16
VisualStudioVersion = 16.0.30204.135
MinimumVisualStudioVersion = 10.0.40219.1
Project("{FAE04EC0-301F-11D3-BF4B-00C04F79EFBC}") = "FullScratch", "FullScratch.csproj", "{DDB539D0-2664-4731-9FF7-9E7D0EF56E2B}"
EndProject
Project("{FAE04EC0-301F-11D3-BF4B-00C04F79EFBC}") = "FullScratchTest", "FullScratchTest\FullScratchTest.csproj", "{5FADCCB6-48BA-42AC-A76B-E248070CB4CE}"
EndProject
Global
	GlobalSection(SolutionConfigurationPlatforms) = preSolution
		Debug|Any CPU = Debug|Any CPU
		Release|Any CPU = Release|Any CPU
	EndGlobalSection
	GlobalSection(ProjectConfigurationPlatforms) = postSolution
		{DDB539D0-2664-4731-9FF7-9E7D0EF56E2B}.Debug|Any CPU.ActiveCfg = Debug|Any CPU
		{DDB539D0-2664-4731-9FF7-9E7D0EF56E2B}.Debug|Any CPU.Build.0 = Debug|Any CPU
		{DDB539D0-2664-4731-9FF7-9E7D0EF56E2B}.Release|Any CPU.ActiveCfg = Release|Any CPU
		{DDB539D0-2664-4731-9FF7-9E7D0EF56E2B}.Release|Any CPU.Build.0 = Release|Any CPU
		{5FADCCB6-48BA-42AC-A76B-E248070CB4CE}.Debug|Any CPU.ActiveCfg = Debug|Any CPU
		{5FADCCB6-48BA-42AC-A76B-E248070CB4CE}.Debug|Any CPU.Build.0 = Debug|Any CPU
		{5FADCCB6-48BA-42AC-A76B-E248070CB4CE}.Release|Any CPU.ActiveCfg = Release|Any CPU
		{5FADCCB6-48BA-42AC-A76B-E248070CB4CE}.Release|Any CPU.Build.0 = Release|Any CPU
	EndGlobalSection
	GlobalSection(SolutionProperties) = preSolution
		HideSolutionNode = FALSE
	EndGlobalSection
	GlobalSection(ExtensibilityGlobals) = postSolution
		SolutionGuid = {27A7D59B-3309-4B86-BD98-46B41FB1DBB2}
	EndGlobalSection
EndGlobal
